// !$*UTF8*$!
{
	archiveVersion = 1;
	classes = {
	};
	objectVersion = 55;
	objects = {

/* Begin PBXBuildFile section */
		33BD928D286C80C200103915 /* AppDelegate.swift in Sources */ = {isa = PBXBuildFile; fileRef = 33BD928C286C80C200103915 /* AppDelegate.swift */; };
		33BD928F286C80C200103915 /* MainViewController.swift in Sources */ = {isa = PBXBuildFile; fileRef = 33BD928E286C80C200103915 /* MainViewController.swift */; };
		33BD9291286C80C400103915 /* Assets.xcassets in Resources */ = {isa = PBXBuildFile; fileRef = 33BD9290286C80C400103915 /* Assets.xcassets */; };
		33BD9294286C80C400103915 /* Main.storyboard in Resources */ = {isa = PBXBuildFile; fileRef = 33BD9292286C80C400103915 /* Main.storyboard */; };
		33BD929E286D6E5300103915 /* Util.swift in Sources */ = {isa = PBXBuildFile; fileRef = 33BD929D286D6E5300103915 /* Util.swift */; };
		33BD92A0286D6E9900103915 /* Video.swift in Sources */ = {isa = PBXBuildFile; fileRef = 33BD929F286D6E9900103915 /* Video.swift */; };
		33BD92A2286EB89800103915 /* FilteredImageProvider.swift in Sources */ = {isa = PBXBuildFile; fileRef = 33BD92A1286EB89800103915 /* FilteredImageProvider.swift */; };
		33BD92A728758E5D00103915 /* ClickableImageView.swift in Sources */ = {isa = PBXBuildFile; fileRef = 33BD92A628758E5D00103915 /* ClickableImageView.swift */; };
		33BD92A928758E8B00103915 /* Constants.swift in Sources */ = {isa = PBXBuildFile; fileRef = 33BD92A828758E8B00103915 /* Constants.swift */; };
		33BD92AB2875952A00103915 /* IAPViewController.swift in Sources */ = {isa = PBXBuildFile; fileRef = 33BD92AA2875952A00103915 /* IAPViewController.swift */; };
		33BD92AE2875A4BC00103915 /* Store.swift in Sources */ = {isa = PBXBuildFile; fileRef = 33BD92AD2875A4BC00103915 /* Store.swift */; };
		33BD92B12875E8EF00103915 /* Credits.rtf in Resources */ = {isa = PBXBuildFile; fileRef = 33BD92B02875E8EF00103915 /* Credits.rtf */; };
/* End PBXBuildFile section */

/* Begin PBXFileReference section */
		33BD9289286C80C200103915 /* BeatVid.app */ = {isa = PBXFileReference; explicitFileType = wrapper.application; includeInIndex = 0; path = BeatVid.app; sourceTree = BUILT_PRODUCTS_DIR; };
		33BD928C286C80C200103915 /* AppDelegate.swift */ = {isa = PBXFileReference; lastKnownFileType = sourcecode.swift; path = AppDelegate.swift; sourceTree = "<group>"; };
		33BD928E286C80C200103915 /* MainViewController.swift */ = {isa = PBXFileReference; lastKnownFileType = sourcecode.swift; path = MainViewController.swift; sourceTree = "<group>"; };
		33BD9290286C80C400103915 /* Assets.xcassets */ = {isa = PBXFileReference; lastKnownFileType = folder.assetcatalog; path = Assets.xcassets; sourceTree = "<group>"; };
		33BD9293286C80C400103915 /* Base */ = {isa = PBXFileReference; lastKnownFileType = file.storyboard; name = Base; path = Base.lproj/Main.storyboard; sourceTree = "<group>"; };
		33BD9295286C80C400103915 /* videohelper.entitlements */ = {isa = PBXFileReference; lastKnownFileType = text.plist.entitlements; path = videohelper.entitlements; sourceTree = "<group>"; };
		33BD929D286D6E5300103915 /* Util.swift */ = {isa = PBXFileReference; lastKnownFileType = sourcecode.swift; path = Util.swift; sourceTree = "<group>"; };
		33BD929F286D6E9900103915 /* Video.swift */ = {isa = PBXFileReference; lastKnownFileType = sourcecode.swift; path = Video.swift; sourceTree = "<group>"; };
		33BD92A1286EB89800103915 /* FilteredImageProvider.swift */ = {isa = PBXFileReference; lastKnownFileType = sourcecode.swift; path = FilteredImageProvider.swift; sourceTree = "<group>"; };
		33BD92A628758E5D00103915 /* ClickableImageView.swift */ = {isa = PBXFileReference; fileEncoding = 4; lastKnownFileType = sourcecode.swift; path = ClickableImageView.swift; sourceTree = "<group>"; };
		33BD92A828758E8B00103915 /* Constants.swift */ = {isa = PBXFileReference; lastKnownFileType = sourcecode.swift; path = Constants.swift; sourceTree = "<group>"; };
		33BD92AA2875952A00103915 /* IAPViewController.swift */ = {isa = PBXFileReference; lastKnownFileType = sourcecode.swift; path = IAPViewController.swift; sourceTree = "<group>"; };
		33BD92AD2875A4BC00103915 /* Store.swift */ = {isa = PBXFileReference; lastKnownFileType = sourcecode.swift; path = Store.swift; sourceTree = "<group>"; };
		33BD92AF2875A94B00103915 /* StoreTestConfiguration.storekit */ = {isa = PBXFileReference; lastKnownFileType = text; path = StoreTestConfiguration.storekit; sourceTree = "<group>"; };
		33BD92B02875E8EF00103915 /* Credits.rtf */ = {isa = PBXFileReference; lastKnownFileType = text.rtf; path = Credits.rtf; sourceTree = "<group>"; };
/* End PBXFileReference section */

/* Begin PBXFrameworksBuildPhase section */
		33BD9286286C80C200103915 /* Frameworks */ = {
			isa = PBXFrameworksBuildPhase;
			buildActionMask = 2147483647;
			files = (
			);
			runOnlyForDeploymentPostprocessing = 0;
		};
/* End PBXFrameworksBuildPhase section */

/* Begin PBXGroup section */
		33BD9280286C80C200103915 = {
			isa = PBXGroup;
			children = (
				33BD92AF2875A94B00103915 /* StoreTestConfiguration.storekit */,
				33BD928B286C80C200103915 /* videohelper */,
				33BD928A286C80C200103915 /* Products */,
			);
			sourceTree = "<group>";
		};
		33BD928A286C80C200103915 /* Products */ = {
			isa = PBXGroup;
			children = (
				33BD9289286C80C200103915 /* BeatVid.app */,
			);
			name = Products;
			sourceTree = "<group>";
		};
		33BD928B286C80C200103915 /* videohelper */ = {
			isa = PBXGroup;
			children = (
				33BD92AC2875A4AB00103915 /* Store */,
				33BD92A1286EB89800103915 /* FilteredImageProvider.swift */,
				33BD929F286D6E9900103915 /* Video.swift */,
				33BD929D286D6E5300103915 /* Util.swift */,
				33BD92A528758E5D00103915 /* Views */,
				33BD928C286C80C200103915 /* AppDelegate.swift */,
				33BD928E286C80C200103915 /* MainViewController.swift */,
				33BD9290286C80C400103915 /* Assets.xcassets */,
				33BD9292286C80C400103915 /* Main.storyboard */,
				33BD9295286C80C400103915 /* videohelper.entitlements */,
				33BD92A828758E8B00103915 /* Constants.swift */,
				33BD92AA2875952A00103915 /* IAPViewController.swift */,
				33BD92B02875E8EF00103915 /* Credits.rtf */,
			);
			path = videohelper;
			sourceTree = "<group>";
		};
		33BD92A528758E5D00103915 /* Views */ = {
			isa = PBXGroup;
			children = (
				33BD92A628758E5D00103915 /* ClickableImageView.swift */,
			);
			path = Views;
			sourceTree = "<group>";
		};
		33BD92AC2875A4AB00103915 /* Store */ = {
			isa = PBXGroup;
			children = (
				33BD92AD2875A4BC00103915 /* Store.swift */,
			);
			path = Store;
			sourceTree = "<group>";
		};
/* End PBXGroup section */

/* Begin PBXNativeTarget section */
		33BD9288286C80C200103915 /* BeatVid */ = {
			isa = PBXNativeTarget;
			buildConfigurationList = 33BD9298286C80C400103915 /* Build configuration list for PBXNativeTarget "BeatVid" */;
			buildPhases = (
				33BD9285286C80C200103915 /* Sources */,
				33BD9286286C80C200103915 /* Frameworks */,
				33BD9287286C80C200103915 /* Resources */,
			);
			buildRules = (
			);
			dependencies = (
			);
			name = BeatVid;
			productName = videohelper;
			productReference = 33BD9289286C80C200103915 /* BeatVid.app */;
			productType = "com.apple.product-type.application";
		};
/* End PBXNativeTarget section */

/* Begin PBXProject section */
		33BD9281286C80C200103915 /* Project object */ = {
			isa = PBXProject;
			attributes = {
				BuildIndependentTargetsInParallel = 1;
				LastSwiftUpdateCheck = 1340;
				LastUpgradeCheck = 1340;
				TargetAttributes = {
					33BD9288286C80C200103915 = {
						CreatedOnToolsVersion = 13.4.1;
					};
				};
			};
			buildConfigurationList = 33BD9284286C80C200103915 /* Build configuration list for PBXProject "BeatVid" */;
			compatibilityVersion = "Xcode 13.0";
			developmentRegion = en;
			hasScannedForEncodings = 0;
			knownRegions = (
				en,
				Base,
			);
			mainGroup = 33BD9280286C80C200103915;
			productRefGroup = 33BD928A286C80C200103915 /* Products */;
			projectDirPath = "";
			projectRoot = "";
			targets = (
				33BD9288286C80C200103915 /* BeatVid */,
			);
		};
/* End PBXProject section */

/* Begin PBXResourcesBuildPhase section */
		33BD9287286C80C200103915 /* Resources */ = {
			isa = PBXResourcesBuildPhase;
			buildActionMask = 2147483647;
			files = (
				33BD9291286C80C400103915 /* Assets.xcassets in Resources */,
				33BD92B12875E8EF00103915 /* Credits.rtf in Resources */,
				33BD9294286C80C400103915 /* Main.storyboard in Resources */,
			);
			runOnlyForDeploymentPostprocessing = 0;
		};
/* End PBXResourcesBuildPhase section */

/* Begin PBXSourcesBuildPhase section */
		33BD9285286C80C200103915 /* Sources */ = {
			isa = PBXSourcesBuildPhase;
			buildActionMask = 2147483647;
			files = (
				33BD92A2286EB89800103915 /* FilteredImageProvider.swift in Sources */,
				33BD92A728758E5D00103915 /* ClickableImageView.swift in Sources */,
				33BD928F286C80C200103915 /* MainViewController.swift in Sources */,
				33BD92AE2875A4BC00103915 /* Store.swift in Sources */,
				33BD92AB2875952A00103915 /* IAPViewController.swift in Sources */,
				33BD92A0286D6E9900103915 /* Video.swift in Sources */,
				33BD92A928758E8B00103915 /* Constants.swift in Sources */,
				33BD929E286D6E5300103915 /* Util.swift in Sources */,
				33BD928D286C80C200103915 /* AppDelegate.swift in Sources */,
			);
			runOnlyForDeploymentPostprocessing = 0;
		};
/* End PBXSourcesBuildPhase section */

/* Begin PBXVariantGroup section */
		33BD9292286C80C400103915 /* Main.storyboard */ = {
			isa = PBXVariantGroup;
			children = (
				33BD9293286C80C400103915 /* Base */,
			);
			name = Main.storyboard;
			sourceTree = "<group>";
		};
/* End PBXVariantGroup section */

/* Begin XCBuildConfiguration section */
		33BD9296286C80C400103915 /* Debug */ = {
			isa = XCBuildConfiguration;
			buildSettings = {
				ALWAYS_SEARCH_USER_PATHS = NO;
				CLANG_ANALYZER_NONNULL = YES;
				CLANG_ANALYZER_NUMBER_OBJECT_CONVERSION = YES_AGGRESSIVE;
				CLANG_CXX_LANGUAGE_STANDARD = "gnu++17";
				CLANG_ENABLE_MODULES = YES;
				CLANG_ENABLE_OBJC_ARC = YES;
				CLANG_ENABLE_OBJC_WEAK = YES;
				CLANG_WARN_BLOCK_CAPTURE_AUTORELEASING = YES;
				CLANG_WARN_BOOL_CONVERSION = YES;
				CLANG_WARN_COMMA = YES;
				CLANG_WARN_CONSTANT_CONVERSION = YES;
				CLANG_WARN_DEPRECATED_OBJC_IMPLEMENTATIONS = YES;
				CLANG_WARN_DIRECT_OBJC_ISA_USAGE = YES_ERROR;
				CLANG_WARN_DOCUMENTATION_COMMENTS = YES;
				CLANG_WARN_EMPTY_BODY = YES;
				CLANG_WARN_ENUM_CONVERSION = YES;
				CLANG_WARN_INFINITE_RECURSION = YES;
				CLANG_WARN_INT_CONVERSION = YES;
				CLANG_WARN_NON_LITERAL_NULL_CONVERSION = YES;
				CLANG_WARN_OBJC_IMPLICIT_RETAIN_SELF = YES;
				CLANG_WARN_OBJC_LITERAL_CONVERSION = YES;
				CLANG_WARN_OBJC_ROOT_CLASS = YES_ERROR;
				CLANG_WARN_QUOTED_INCLUDE_IN_FRAMEWORK_HEADER = YES;
				CLANG_WARN_RANGE_LOOP_ANALYSIS = YES;
				CLANG_WARN_STRICT_PROTOTYPES = YES;
				CLANG_WARN_SUSPICIOUS_MOVE = YES;
				CLANG_WARN_UNGUARDED_AVAILABILITY = YES_AGGRESSIVE;
				CLANG_WARN_UNREACHABLE_CODE = YES;
				CLANG_WARN__DUPLICATE_METHOD_MATCH = YES;
				COPY_PHASE_STRIP = NO;
				DEBUG_INFORMATION_FORMAT = dwarf;
				ENABLE_STRICT_OBJC_MSGSEND = YES;
				ENABLE_TESTABILITY = YES;
				GCC_C_LANGUAGE_STANDARD = gnu11;
				GCC_DYNAMIC_NO_PIC = NO;
				GCC_NO_COMMON_BLOCKS = YES;
				GCC_OPTIMIZATION_LEVEL = 0;
				GCC_PREPROCESSOR_DEFINITIONS = (
					"DEBUG=1",
					"$(inherited)",
				);
				GCC_WARN_64_TO_32_BIT_CONVERSION = YES;
				GCC_WARN_ABOUT_RETURN_TYPE = YES_ERROR;
				GCC_WARN_UNDECLARED_SELECTOR = YES;
				GCC_WARN_UNINITIALIZED_AUTOS = YES_AGGRESSIVE;
				GCC_WARN_UNUSED_FUNCTION = YES;
				GCC_WARN_UNUSED_VARIABLE = YES;
				MACOSX_DEPLOYMENT_TARGET = 12.3;
				MTL_ENABLE_DEBUG_INFO = INCLUDE_SOURCE;
				MTL_FAST_MATH = YES;
				ONLY_ACTIVE_ARCH = YES;
				SDKROOT = macosx;
				SWIFT_ACTIVE_COMPILATION_CONDITIONS = DEBUG;
				SWIFT_OPTIMIZATION_LEVEL = "-Onone";
			};
			name = Debug;
		};
		33BD9297286C80C400103915 /* Release */ = {
			isa = XCBuildConfiguration;
			buildSettings = {
				ALWAYS_SEARCH_USER_PATHS = NO;
				CLANG_ANALYZER_NONNULL = YES;
				CLANG_ANALYZER_NUMBER_OBJECT_CONVERSION = YES_AGGRESSIVE;
				CLANG_CXX_LANGUAGE_STANDARD = "gnu++17";
				CLANG_ENABLE_MODULES = YES;
				CLANG_ENABLE_OBJC_ARC = YES;
				CLANG_ENABLE_OBJC_WEAK = YES;
				CLANG_WARN_BLOCK_CAPTURE_AUTORELEASING = YES;
				CLANG_WARN_BOOL_CONVERSION = YES;
				CLANG_WARN_COMMA = YES;
				CLANG_WARN_CONSTANT_CONVERSION = YES;
				CLANG_WARN_DEPRECATED_OBJC_IMPLEMENTATIONS = YES;
				CLANG_WARN_DIRECT_OBJC_ISA_USAGE = YES_ERROR;
				CLANG_WARN_DOCUMENTATION_COMMENTS = YES;
				CLANG_WARN_EMPTY_BODY = YES;
				CLANG_WARN_ENUM_CONVERSION = YES;
				CLANG_WARN_INFINITE_RECURSION = YES;
				CLANG_WARN_INT_CONVERSION = YES;
				CLANG_WARN_NON_LITERAL_NULL_CONVERSION = YES;
				CLANG_WARN_OBJC_IMPLICIT_RETAIN_SELF = YES;
				CLANG_WARN_OBJC_LITERAL_CONVERSION = YES;
				CLANG_WARN_OBJC_ROOT_CLASS = YES_ERROR;
				CLANG_WARN_QUOTED_INCLUDE_IN_FRAMEWORK_HEADER = YES;
				CLANG_WARN_RANGE_LOOP_ANALYSIS = YES;
				CLANG_WARN_STRICT_PROTOTYPES = YES;
				CLANG_WARN_SUSPICIOUS_MOVE = YES;
				CLANG_WARN_UNGUARDED_AVAILABILITY = YES_AGGRESSIVE;
				CLANG_WARN_UNREACHABLE_CODE = YES;
				CLANG_WARN__DUPLICATE_METHOD_MATCH = YES;
				COPY_PHASE_STRIP = NO;
				DEBUG_INFORMATION_FORMAT = "dwarf-with-dsym";
				ENABLE_NS_ASSERTIONS = NO;
				ENABLE_STRICT_OBJC_MSGSEND = YES;
				GCC_C_LANGUAGE_STANDARD = gnu11;
				GCC_NO_COMMON_BLOCKS = YES;
				GCC_WARN_64_TO_32_BIT_CONVERSION = YES;
				GCC_WARN_ABOUT_RETURN_TYPE = YES_ERROR;
				GCC_WARN_UNDECLARED_SELECTOR = YES;
				GCC_WARN_UNINITIALIZED_AUTOS = YES_AGGRESSIVE;
				GCC_WARN_UNUSED_FUNCTION = YES;
				GCC_WARN_UNUSED_VARIABLE = YES;
				MACOSX_DEPLOYMENT_TARGET = 12.3;
				MTL_ENABLE_DEBUG_INFO = NO;
				MTL_FAST_MATH = YES;
				SDKROOT = macosx;
				SWIFT_COMPILATION_MODE = wholemodule;
				SWIFT_OPTIMIZATION_LEVEL = "-O";
			};
			name = Release;
		};
		33BD9299286C80C400103915 /* Debug */ = {
			isa = XCBuildConfiguration;
			buildSettings = {
				ASSETCATALOG_COMPILER_APPICON_NAME = AppIcon;
				ASSETCATALOG_COMPILER_GLOBAL_ACCENT_COLOR_NAME = AccentColor;
				CODE_SIGN_ENTITLEMENTS = videohelper/videohelper.entitlements;
				"CODE_SIGN_IDENTITY[sdk=macosx*]" = "-";
				CODE_SIGN_STYLE = Automatic;
				COMBINE_HIDPI_IMAGES = YES;
				CURRENT_PROJECT_VERSION = 1;
				DEVELOPMENT_TEAM = "";
				ENABLE_HARDENED_RUNTIME = YES;
				GENERATE_INFOPLIST_FILE = YES;
				INFOPLIST_KEY_LSApplicationCategoryType = "public.app-category.video";
				INFOPLIST_KEY_NSHumanReadableCopyright = "";
				INFOPLIST_KEY_NSMainStoryboardFile = Main;
				INFOPLIST_KEY_NSPrincipalClass = NSApplication;
				LD_RUNPATH_SEARCH_PATHS = (
					"$(inherited)",
					"@executable_path/../Frameworks",
				);
				MARKETING_VERSION = 1.0;
				PRODUCT_BUNDLE_IDENTIFIER = com.marchingbytes.beatvid;
				PRODUCT_NAME = "$(TARGET_NAME)";
				SWIFT_EMIT_LOC_STRINGS = YES;
				SWIFT_VERSION = 5.0;
			};
			name = Debug;
		};
		33BD929A286C80C400103915 /* Release */ = {
			isa = XCBuildConfiguration;
			buildSettings = {
				ASSETCATALOG_COMPILER_APPICON_NAME = AppIcon;
				ASSETCATALOG_COMPILER_GLOBAL_ACCENT_COLOR_NAME = AccentColor;
				CODE_SIGN_ENTITLEMENTS = videohelper/videohelper.entitlements;
				"CODE_SIGN_IDENTITY[sdk=macosx*]" = "-";
				CODE_SIGN_STYLE = Automatic;
				COMBINE_HIDPI_IMAGES = YES;
				CURRENT_PROJECT_VERSION = 1;
				DEVELOPMENT_TEAM = "";
				ENABLE_HARDENED_RUNTIME = YES;
				GENERATE_INFOPLIST_FILE = YES;
				INFOPLIST_KEY_LSApplicationCategoryType = "public.app-category.video";
				INFOPLIST_KEY_NSHumanReadableCopyright = "";
				INFOPLIST_KEY_NSMainStoryboardFile = Main;
				INFOPLIST_KEY_NSPrincipalClass = NSApplication;
				LD_RUNPATH_SEARCH_PATHS = (
					"$(inherited)",
					"@executable_path/../Frameworks",
				);
				MARKETING_VERSION = 1.0;
				PRODUCT_BUNDLE_IDENTIFIER = com.marchingbytes.beatvid;
				PRODUCT_NAME = "$(TARGET_NAME)";
				SWIFT_EMIT_LOC_STRINGS = YES;
				SWIFT_VERSION = 5.0;
			};
			name = Release;
		};
/* End XCBuildConfiguration section */

/* Begin XCConfigurationList section */
		33BD9284286C80C200103915 /* Build configuration list for PBXProject "BeatVid" */ = {
			isa = XCConfigurationList;
			buildConfigurations = (
				33BD9296286C80C400103915 /* Debug */,
				33BD9297286C80C400103915 /* Release */,
			);
			defaultConfigurationIsVisible = 0;
			defaultConfigurationName = Release;
		};
		33BD9298286C80C400103915 /* Build configuration list for PBXNativeTarget "BeatVid" */ = {
			isa = XCConfigurationList;
			buildConfigurations = (
				33BD9299286C80C400103915 /* Debug */,
				33BD929A286C80C400103915 /* Release */,
			);
			defaultConfigurationIsVisible = 0;
			defaultConfigurationName = Release;
		};
/* End XCConfigurationList section */
	};
	rootObject = 33BD9281286C80C200103915 /* Project object */;
}
